Microsoft Visual Studio Solution File, Format Version 12.00
# Visual Studio Version 17
VisualStudioVersion = 17.9.34714.143
MinimumVisualStudioVersion = 10.0.40219.1
Project("{9A19103F-16F7-4668-BE54-9A1E7A4F7556}") = "AutoCenterPlus.Client", "AutoCenterPlus.Client\AutoCenterPlus.Client.csproj", "{1B2E3F44-5566-4778-8990-AABBCCDDEEFF}"
EndProject
Project("{9A19103F-16F7-4668-BE54-9A1E7A4F7556}") = "AutoCenterPlus.Api", "AutoCenterPlus.Api\AutoCenterPlus.Api.csproj", "{2C3D4E55-6677-4889-9AAB-BBCCDDEEFF00}"
EndProject
Global
	GlobalSection(SolutionConfigurationPlatforms) = preSolution
		Debug|Any CPU = Debug|Any CPU
		Release|Any CPU = Release|Any CPU
	EndGlobalSection
	GlobalSection(ProjectConfigurationPlatforms) = postSolution
		{1B2E3F44-5566-4778-8990-AABBCCDDEEFF}.Debug|Any CPU.ActiveCfg = Debug|Any CPU
		{1B2E3F44-5566-4778-8990-AABBCCDDEEFF}.Debug|Any CPU.Build.0 = Debug|Any CPU
		{1B2E3F44-5566-4778-8990-AABBCCDDEEFF}.Release|Any CPU.ActiveCfg = Release|Any CPU
		{1B2E3F44-5566-4778-8990-AABBCCDDEEFF}.Release|Any CPU.Build.0 = Release|Any CPU
		{2C3D4E55-6677-4889-9AAB-BBCCDDEEFF00}.Debug|Any CPU.ActiveCfg = Debug|Any CPU
		{2C3D4E55-6677-4889-9AAB-BBCCDDEEFF00}.Debug|Any CPU.Build.0 = Debug|Any CPU
		{2C3D4E55-6677-4889-9AAB-BBCCDDEEFF00}.Release|Any CPU.ActiveCfg = Release|Any CPU
		{2C3D4E55-6677-4889-9AAB-BBCCDDEEFF00}.Release|Any CPU.Build.0 = Release|Any CPU
	EndGlobalSection
	GlobalSection(SolutionProperties) = preSolution
		HideSolutionNode = FALSE
	EndGlobalSection
EndGlobal
